// !$*UTF8*$!
{
	archiveVersion = 1;
	classes = {
	};
	objectVersion = 56;
	objects = {

/* Begin PBXBuildFile section */
		5E4C72882A26512D006E815E /* Extensions.swift in Sources */ = {isa = PBXBuildFile; fileRef = 5E4C72872A26512D006E815E /* Extensions.swift */; };
		5E6E5E162A23E4930065DE83 /* AppDelegate.swift in Sources */ = {isa = PBXBuildFile; fileRef = 5E6E5E152A23E4930065DE83 /* AppDelegate.swift */; };
		5E6E5E182A23E4930065DE83 /* SceneDelegate.swift in Sources */ = {isa = PBXBuildFile; fileRef = 5E6E5E172A23E4930065DE83 /* SceneDelegate.swift */; };
		5E6E5E1A2A23E4930065DE83 /* TaskListVC.swift in Sources */ = {isa = PBXBuildFile; fileRef = 5E6E5E192A23E4930065DE83 /* TaskListVC.swift */; };
		5E6E5E1D2A23E4930065DE83 /* Main.storyboard in Resources */ = {isa = PBXBuildFile; fileRef = 5E6E5E1B2A23E4930065DE83 /* Main.storyboard */; };
		5E6E5E1F2A23E4970065DE83 /* Assets.xcassets in Resources */ = {isa = PBXBuildFile; fileRef = 5E6E5E1E2A23E4970065DE83 /* Assets.xcassets */; };
		5E6E5E222A23E4970065DE83 /* LaunchScreen.storyboard in Resources */ = {isa = PBXBuildFile; fileRef = 5E6E5E202A23E4970065DE83 /* LaunchScreen.storyboard */; };
		5E6E5E2A2A23E5870065DE83 /* AddTaskVC.swift in Sources */ = {isa = PBXBuildFile; fileRef = 5E6E5E292A23E5870065DE83 /* AddTaskVC.swift */; };
		5E6E5E2C2A23E6DF0065DE83 /* ToDoModel.swift in Sources */ = {isa = PBXBuildFile; fileRef = 5E6E5E2B2A23E6DF0065DE83 /* ToDoModel.swift */; };
		5E91C1512A25E3D3008626AC /* TaskTableViewCell.swift in Sources */ = {isa = PBXBuildFile; fileRef = 5E91C1502A25E3D3008626AC /* TaskTableViewCell.swift */; };
		5E91C1532A25F7C6008626AC /* UserDefaults.swift in Sources */ = {isa = PBXBuildFile; fileRef = 5E91C1522A25F7C6008626AC /* UserDefaults.swift */; };
		FFB449BDDA3A89967027A087 /* Pods_To_Do_List.framework in Frameworks */ = {isa = PBXBuildFile; fileRef = 7DC24034B2FE68FAAC97226A /* Pods_To_Do_List.framework */; };
/* End PBXBuildFile section */

/* Begin PBXFileReference section */
		1DDB4E6A42A98DF75216C469 /* Pods-To-Do List.release.xcconfig */ = {isa = PBXFileReference; includeInIndex = 1; lastKnownFileType = text.xcconfig; name = "Pods-To-Do List.release.xcconfig"; path = "Target Support Files/Pods-To-Do List/Pods-To-Do List.release.xcconfig"; sourceTree = "<group>"; };
		35FB7555F3D366EB81982455 /* Pods-To-Do List.debug.xcconfig */ = {isa = PBXFileReference; includeInIndex = 1; lastKnownFileType = text.xcconfig; name = "Pods-To-Do List.debug.xcconfig"; path = "Target Support Files/Pods-To-Do List/Pods-To-Do List.debug.xcconfig"; sourceTree = "<group>"; };
		5E4C72872A26512D006E815E /* Extensions.swift */ = {isa = PBXFileReference; lastKnownFileType = sourcecode.swift; path = Extensions.swift; sourceTree = "<group>"; };
		5E6E5E122A23E4930065DE83 /* To-Do List.app */ = {isa = PBXFileReference; explicitFileType = wrapper.application; includeInIndex = 0; path = "To-Do List.app"; sourceTree = BUILT_PRODUCTS_DIR; };
		5E6E5E152A23E4930065DE83 /* AppDelegate.swift */ = {isa = PBXFileReference; lastKnownFileType = sourcecode.swift; path = AppDelegate.swift; sourceTree = "<group>"; };
		5E6E5E172A23E4930065DE83 /* SceneDelegate.swift */ = {isa = PBXFileReference; lastKnownFileType = sourcecode.swift; path = SceneDelegate.swift; sourceTree = "<group>"; };
		5E6E5E192A23E4930065DE83 /* TaskListVC.swift */ = {isa = PBXFileReference; lastKnownFileType = sourcecode.swift; path = TaskListVC.swift; sourceTree = "<group>"; };
		5E6E5E1C2A23E4930065DE83 /* Base */ = {isa = PBXFileReference; lastKnownFileType = file.storyboard; name = Base; path = Base.lproj/Main.storyboard; sourceTree = "<group>"; };
		5E6E5E1E2A23E4970065DE83 /* Assets.xcassets */ = {isa = PBXFileReference; lastKnownFileType = folder.assetcatalog; path = Assets.xcassets; sourceTree = "<group>"; };
		5E6E5E212A23E4970065DE83 /* Base */ = {isa = PBXFileReference; lastKnownFileType = file.storyboard; name = Base; path = Base.lproj/LaunchScreen.storyboard; sourceTree = "<group>"; };
		5E6E5E232A23E4980065DE83 /* Info.plist */ = {isa = PBXFileReference; lastKnownFileType = text.plist.xml; path = Info.plist; sourceTree = "<group>"; };
		5E6E5E292A23E5870065DE83 /* AddTaskVC.swift */ = {isa = PBXFileReference; lastKnownFileType = sourcecode.swift; path = AddTaskVC.swift; sourceTree = "<group>"; };
		5E6E5E2B2A23E6DF0065DE83 /* ToDoModel.swift */ = {isa = PBXFileReference; lastKnownFileType = sourcecode.swift; path = ToDoModel.swift; sourceTree = "<group>"; };
		5E91C1502A25E3D3008626AC /* TaskTableViewCell.swift */ = {isa = PBXFileReference; lastKnownFileType = sourcecode.swift; path = TaskTableViewCell.swift; sourceTree = "<group>"; };
		5E91C1522A25F7C6008626AC /* UserDefaults.swift */ = {isa = PBXFileReference; lastKnownFileType = sourcecode.swift; path = UserDefaults.swift; sourceTree = "<group>"; };
		7DC24034B2FE68FAAC97226A /* Pods_To_Do_List.framework */ = {isa = PBXFileReference; explicitFileType = wrapper.framework; includeInIndex = 0; path = Pods_To_Do_List.framework; sourceTree = BUILT_PRODUCTS_DIR; };
/* End PBXFileReference section */

/* Begin PBXFrameworksBuildPhase section */
		5E6E5E0F2A23E4930065DE83 /* Frameworks */ = {
			isa = PBXFrameworksBuildPhase;
			buildActionMask = 2147483647;
			files = (
				FFB449BDDA3A89967027A087 /* Pods_To_Do_List.framework in Frameworks */,
			);
			runOnlyForDeploymentPostprocessing = 0;
		};
/* End PBXFrameworksBuildPhase section */

/* Begin PBXGroup section */
		1CBEC140C5C279BF360B2295 /* Frameworks */ = {
			isa = PBXGroup;
			children = (
				7DC24034B2FE68FAAC97226A /* Pods_To_Do_List.framework */,
			);
			name = Frameworks;
			sourceTree = "<group>";
		};
		49ADB13750D52D7B3BC6BEC3 /* Pods */ = {
			isa = PBXGroup;
			children = (
				35FB7555F3D366EB81982455 /* Pods-To-Do List.debug.xcconfig */,
				1DDB4E6A42A98DF75216C469 /* Pods-To-Do List.release.xcconfig */,
			);
			path = Pods;
			sourceTree = "<group>";
		};
		5E4C72862A2650FA006E815E /* Extras */ = {
			isa = PBXGroup;
			children = (
				5E6E5E1E2A23E4970065DE83 /* Assets.xcassets */,
				5E4C72872A26512D006E815E /* Extensions.swift */,
			);
			path = Extras;
			sourceTree = "<group>";
		};
		5E6E5E092A23E4930065DE83 = {
			isa = PBXGroup;
			children = (
				5E6E5E142A23E4930065DE83 /* To-Do List */,
				5E6E5E132A23E4930065DE83 /* Products */,
				49ADB13750D52D7B3BC6BEC3 /* Pods */,
				1CBEC140C5C279BF360B2295 /* Frameworks */,
			);
			sourceTree = "<group>";
		};
		5E6E5E132A23E4930065DE83 /* Products */ = {
			isa = PBXGroup;
			children = (
				5E6E5E122A23E4930065DE83 /* To-Do List.app */,
			);
			name = Products;
			sourceTree = "<group>";
		};
		5E6E5E142A23E4930065DE83 /* To-Do List */ = {
			isa = PBXGroup;
			children = (
				5E6E5E2F2A23E7100065DE83 /* Application */,
				5E91C14F2A25E39F008626AC /* CellClass */,
				5E6E5E2E2A23E7010065DE83 /* Model */,
				5E6E5E302A23E72B0065DE83 /* View */,
				5E6E5E2D2A23E6F30065DE83 /* Controllers */,
				5E4C72862A2650FA006E815E /* Extras */,
				5E6E5E232A23E4980065DE83 /* Info.plist */,
			);
			path = "To-Do List";
			sourceTree = "<group>";
		};
		5E6E5E2D2A23E6F30065DE83 /* Controllers */ = {
			isa = PBXGroup;
			children = (
				5E6E5E192A23E4930065DE83 /* TaskListVC.swift */,
				5E6E5E292A23E5870065DE83 /* AddTaskVC.swift */,
			);
			path = Controllers;
			sourceTree = "<group>";
		};
		5E6E5E2E2A23E7010065DE83 /* Model */ = {
			isa = PBXGroup;
			children = (
				5E6E5E2B2A23E6DF0065DE83 /* ToDoModel.swift */,
				5E91C1522A25F7C6008626AC /* UserDefaults.swift */,
			);
			path = Model;
			sourceTree = "<group>";
		};
		5E6E5E2F2A23E7100065DE83 /* Application */ = {
			isa = PBXGroup;
			children = (
				5E6E5E152A23E4930065DE83 /* AppDelegate.swift */,
				5E6E5E172A23E4930065DE83 /* SceneDelegate.swift */,
			);
			path = Application;
			sourceTree = "<group>";
		};
		5E6E5E302A23E72B0065DE83 /* View */ = {
			isa = PBXGroup;
			children = (
				5E6E5E1B2A23E4930065DE83 /* Main.storyboard */,
				5E6E5E202A23E4970065DE83 /* LaunchScreen.storyboard */,
			);
			path = View;
			sourceTree = "<group>";
		};
		5E91C14F2A25E39F008626AC /* CellClass */ = {
			isa = PBXGroup;
			children = (
				5E91C1502A25E3D3008626AC /* TaskTableViewCell.swift */,
			);
			path = CellClass;
			sourceTree = "<group>";
		};
/* End PBXGroup section */

/* Begin PBXNativeTarget section */
		5E6E5E112A23E4930065DE83 /* To-Do List */ = {
			isa = PBXNativeTarget;
			buildConfigurationList = 5E6E5E262A23E4980065DE83 /* Build configuration list for PBXNativeTarget "To-Do List" */;
			buildPhases = (
				424BFB6A8200C66C8AA5FDCC /* [CP] Check Pods Manifest.lock */,
				5E6E5E0E2A23E4930065DE83 /* Sources */,
				5E6E5E0F2A23E4930065DE83 /* Frameworks */,
				5E6E5E102A23E4930065DE83 /* Resources */,
				7B6433C1579ABBC709C61139 /* [CP] Embed Pods Frameworks */,
			);
			buildRules = (
			);
			dependencies = (
			);
			name = "To-Do List";
			productName = "To-Do List";
			productReference = 5E6E5E122A23E4930065DE83 /* To-Do List.app */;
			productType = "com.apple.product-type.application";
		};
/* End PBXNativeTarget section */

/* Begin PBXProject section */
		5E6E5E0A2A23E4930065DE83 /* Project object */ = {
			isa = PBXProject;
			attributes = {
				BuildIndependentTargetsInParallel = 1;
				LastSwiftUpdateCheck = 1420;
				LastUpgradeCheck = 1420;
				TargetAttributes = {
					5E6E5E112A23E4930065DE83 = {
						CreatedOnToolsVersion = 14.2;
					};
				};
			};
			buildConfigurationList = 5E6E5E0D2A23E4930065DE83 /* Build configuration list for PBXProject "To-Do List" */;
			compatibilityVersion = "Xcode 14.0";
			developmentRegion = en;
			hasScannedForEncodings = 0;
			knownRegions = (
				en,
				Base,
			);
			mainGroup = 5E6E5E092A23E4930065DE83;
			productRefGroup = 5E6E5E132A23E4930065DE83 /* Products */;
			projectDirPath = "";
			projectRoot = "";
			targets = (
				5E6E5E112A23E4930065DE83 /* To-Do List */,
			);
		};
/* End PBXProject section */

/* Begin PBXResourcesBuildPhase section */
		5E6E5E102A23E4930065DE83 /* Resources */ = {
			isa = PBXResourcesBuildPhase;
			buildActionMask = 2147483647;
			files = (
				5E6E5E222A23E4970065DE83 /* LaunchScreen.storyboard in Resources */,
				5E6E5E1F2A23E4970065DE83 /* Assets.xcassets in Resources */,
				5E6E5E1D2A23E4930065DE83 /* Main.storyboard in Resources */,
			);
			runOnlyForDeploymentPostprocessing = 0;
		};
/* End PBXResourcesBuildPhase section */

/* Begin PBXShellScriptBuildPhase section */
		424BFB6A8200C66C8AA5FDCC /* [CP] Check Pods Manifest.lock */ = {
			isa = PBXShellScriptBuildPhase;
			buildActionMask = 2147483647;
			files = (
			);
			inputFileListPaths = (
			);
			inputPaths = (
				"${PODS_PODFILE_DIR_PATH}/Podfile.lock",
				"${PODS_ROOT}/Manifest.lock",
			);
			name = "[CP] Check Pods Manifest.lock";
			outputFileListPaths = (
			);
			outputPaths = (
				"$(DERIVED_FILE_DIR)/Pods-To-Do List-checkManifestLockResult.txt",
			);
			runOnlyForDeploymentPostprocessing = 0;
			shellPath = /bin/sh;
			shellScript = "diff \"${PODS_PODFILE_DIR_PATH}/Podfile.lock\" \"${PODS_ROOT}/Manifest.lock\" > /dev/null\nif [ $? != 0 ] ; then\n    # print error to STDERR\n    echo \"error: The sandbox is not in sync with the Podfile.lock. Run 'pod install' or update your CocoaPods installation.\" >&2\n    exit 1\nfi\n# This output is used by Xcode 'outputs' to avoid re-running this script phase.\necho \"SUCCESS\" > \"${SCRIPT_OUTPUT_FILE_0}\"\n";
			showEnvVarsInLog = 0;
		};
		7B6433C1579ABBC709C61139 /* [CP] Embed Pods Frameworks */ = {
			isa = PBXShellScriptBuildPhase;
			buildActionMask = 2147483647;
			files = (
			);
			inputFileListPaths = (
				"${PODS_ROOT}/Target Support Files/Pods-To-Do List/Pods-To-Do List-frameworks-${CONFIGURATION}-input-files.xcfilelist",
			);
			name = "[CP] Embed Pods Frameworks";
			outputFileListPaths = (
				"${PODS_ROOT}/Target Support Files/Pods-To-Do List/Pods-To-Do List-frameworks-${CONFIGURATION}-output-files.xcfilelist",
			);
			runOnlyForDeploymentPostprocessing = 0;
			shellPath = /bin/sh;
			shellScript = "\"${PODS_ROOT}/Target Support Files/Pods-To-Do List/Pods-To-Do List-frameworks.sh\"\n";
			showEnvVarsInLog = 0;
		};
/* End PBXShellScriptBuildPhase section */

/* Begin PBXSourcesBuildPhase section */
		5E6E5E0E2A23E4930065DE83 /* Sources */ = {
			isa = PBXSourcesBuildPhase;
			buildActionMask = 2147483647;
			files = (
				5E6E5E2C2A23E6DF0065DE83 /* ToDoModel.swift in Sources */,
				5E6E5E1A2A23E4930065DE83 /* TaskListVC.swift in Sources */,
				5E91C1512A25E3D3008626AC /* TaskTableViewCell.swift in Sources */,
				5E4C72882A26512D006E815E /* Extensions.swift in Sources */,
				5E6E5E162A23E4930065DE83 /* AppDelegate.swift in Sources */,
				5E6E5E182A23E4930065DE83 /* SceneDelegate.swift in Sources */,
				5E91C1532A25F7C6008626AC /* UserDefaults.swift in Sources */,
				5E6E5E2A2A23E5870065DE83 /* AddTaskVC.swift in Sources */,
			);
			runOnlyForDeploymentPostprocessing = 0;
		};
/* End PBXSourcesBuildPhase section */

/* Begin PBXVariantGroup section */
		5E6E5E1B2A23E4930065DE83 /* Main.storyboard */ = {
			isa = PBXVariantGroup;
			children = (
				5E6E5E1C2A23E4930065DE83 /* Base */,
			);
			name = Main.storyboard;
			sourceTree = "<group>";
		};
		5E6E5E202A23E4970065DE83 /* LaunchScreen.storyboard */ = {
			isa = PBXVariantGroup;
			children = (
				5E6E5E212A23E4970065DE83 /* Base */,
			);
			name = LaunchScreen.storyboard;
			sourceTree = "<group>";
		};
/* End PBXVariantGroup section */

/* Begin XCBuildConfiguration section */
		5E6E5E242A23E4980065DE83 /* Debug */ = {
			isa = XCBuildConfiguration;
			buildSettings = {
				ALWAYS_SEARCH_USER_PATHS = NO;
				CLANG_ANALYZER_NONNULL = YES;
				CLANG_ANALYZER_NUMBER_OBJECT_CONVERSION = YES_AGGRESSIVE;
				CLANG_CXX_LANGUAGE_STANDARD = "gnu++20";
				CLANG_ENABLE_MODULES = YES;
				CLANG_ENABLE_OBJC_ARC = YES;
				CLANG_ENABLE_OBJC_WEAK = YES;
				CLANG_WARN_BLOCK_CAPTURE_AUTORELEASING = YES;
				CLANG_WARN_BOOL_CONVERSION = YES;
				CLANG_WARN_COMMA = YES;
				CLANG_WARN_CONSTANT_CONVERSION = YES;
				CLANG_WARN_DEPRECATED_OBJC_IMPLEMENTATIONS = YES;
				CLANG_WARN_DIRECT_OBJC_ISA_USAGE = YES_ERROR;
				CLANG_WARN_DOCUMENTATION_COMMENTS = YES;
				CLANG_WARN_EMPTY_BODY = YES;
				CLANG_WARN_ENUM_CONVERSION = YES;
				CLANG_WARN_INFINITE_RECURSION = YES;
				CLANG_WARN_INT_CONVERSION = YES;
				CLANG_WARN_NON_LITERAL_NULL_CONVERSION = YES;
				CLANG_WARN_OBJC_IMPLICIT_RETAIN_SELF = YES;
				CLANG_WARN_OBJC_LITERAL_CONVERSION = YES;
				CLANG_WARN_OBJC_ROOT_CLASS = YES_ERROR;
				CLANG_WARN_QUOTED_INCLUDE_IN_FRAMEWORK_HEADER = YES;
				CLANG_WARN_RANGE_LOOP_ANALYSIS = YES;
				CLANG_WARN_STRICT_PROTOTYPES = YES;
				CLANG_WARN_SUSPICIOUS_MOVE = YES;
				CLANG_WARN_UNGUARDED_AVAILABILITY = YES_AGGRESSIVE;
				CLANG_WARN_UNREACHABLE_CODE = YES;
				CLANG_WARN__DUPLICATE_METHOD_MATCH = YES;
				COPY_PHASE_STRIP = NO;
				DEBUG_INFORMATION_FORMAT = dwarf;
				ENABLE_STRICT_OBJC_MSGSEND = YES;
				ENABLE_TESTABILITY = YES;
				GCC_C_LANGUAGE_STANDARD = gnu11;
				GCC_DYNAMIC_NO_PIC = NO;
				GCC_NO_COMMON_BLOCKS = YES;
				GCC_OPTIMIZATION_LEVEL = 0;
				GCC_PREPROCESSOR_DEFINITIONS = (
					"DEBUG=1",
					"$(inherited)",
				);
				GCC_WARN_64_TO_32_BIT_CONVERSION = YES;
				GCC_WARN_ABOUT_RETURN_TYPE = YES_ERROR;
				GCC_WARN_UNDECLARED_SELECTOR = YES;
				GCC_WARN_UNINITIALIZED_AUTOS = YES_AGGRESSIVE;
				GCC_WARN_UNUSED_FUNCTION = YES;
				GCC_WARN_UNUSED_VARIABLE = YES;
				IPHONEOS_DEPLOYMENT_TARGET = 16.2;
				MTL_ENABLE_DEBUG_INFO = INCLUDE_SOURCE;
				MTL_FAST_MATH = YES;
				ONLY_ACTIVE_ARCH = YES;
				SDKROOT = iphoneos;
				SWIFT_ACTIVE_COMPILATION_CONDITIONS = DEBUG;
				SWIFT_OPTIMIZATION_LEVEL = "-Onone";
			};
			name = Debug;
		};
		5E6E5E252A23E4980065DE83 /* Release */ = {
			isa = XCBuildConfiguration;
			buildSettings = {
				ALWAYS_SEARCH_USER_PATHS = NO;
				CLANG_ANALYZER_NONNULL = YES;
				CLANG_ANALYZER_NUMBER_OBJECT_CONVERSION = YES_AGGRESSIVE;
				CLANG_CXX_LANGUAGE_STANDARD = "gnu++20";
				CLANG_ENABLE_MODULES = YES;
				CLANG_ENABLE_OBJC_ARC = YES;
				CLANG_ENABLE_OBJC_WEAK = YES;
				CLANG_WARN_BLOCK_CAPTURE_AUTORELEASING = YES;
				CLANG_WARN_BOOL_CONVERSION = YES;
				CLANG_WARN_COMMA = YES;
				CLANG_WARN_CONSTANT_CONVERSION = YES;
				CLANG_WARN_DEPRECATED_OBJC_IMPLEMENTATIONS = YES;
				CLANG_WARN_DIRECT_OBJC_ISA_USAGE = YES_ERROR;
				CLANG_WARN_DOCUMENTATION_COMMENTS = YES;
				CLANG_WARN_EMPTY_BODY = YES;
				CLANG_WARN_ENUM_CONVERSION = YES;
				CLANG_WARN_INFINITE_RECURSION = YES;
				CLANG_WARN_INT_CONVERSION = YES;
				CLANG_WARN_NON_LITERAL_NULL_CONVERSION = YES;
				CLANG_WARN_OBJC_IMPLICIT_RETAIN_SELF = YES;
				CLANG_WARN_OBJC_LITERAL_CONVERSION = YES;
				CLANG_WARN_OBJC_ROOT_CLASS = YES_ERROR;
				CLANG_WARN_QUOTED_INCLUDE_IN_FRAMEWORK_HEADER = YES;
				CLANG_WARN_RANGE_LOOP_ANALYSIS = YES;
				CLANG_WARN_STRICT_PROTOTYPES = YES;
				CLANG_WARN_SUSPICIOUS_MOVE = YES;
				CLANG_WARN_UNGUARDED_AVAILABILITY = YES_AGGRESSIVE;
				CLANG_WARN_UNREACHABLE_CODE = YES;
				CLANG_WARN__DUPLICATE_METHOD_MATCH = YES;
				COPY_PHASE_STRIP = NO;
				DEBUG_INFORMATION_FORMAT = "dwarf-with-dsym";
				ENABLE_NS_ASSERTIONS = NO;
				ENABLE_STRICT_OBJC_MSGSEND = YES;
				GCC_C_LANGUAGE_STANDARD = gnu11;
				GCC_NO_COMMON_BLOCKS = YES;
				GCC_WARN_64_TO_32_BIT_CONVERSION = YES;
				GCC_WARN_ABOUT_RETURN_TYPE = YES_ERROR;
				GCC_WARN_UNDECLARED_SELECTOR = YES;
				GCC_WARN_UNINITIALIZED_AUTOS = YES_AGGRESSIVE;
				GCC_WARN_UNUSED_FUNCTION = YES;
				GCC_WARN_UNUSED_VARIABLE = YES;
				IPHONEOS_DEPLOYMENT_TARGET = 16.2;
				MTL_ENABLE_DEBUG_INFO = NO;
				MTL_FAST_MATH = YES;
				SDKROOT = iphoneos;
				SWIFT_COMPILATION_MODE = wholemodule;
				SWIFT_OPTIMIZATION_LEVEL = "-O";
				VALIDATE_PRODUCT = YES;
			};
			name = Release;
		};
		5E6E5E272A23E4980065DE83 /* Debug */ = {
			isa = XCBuildConfiguration;
			baseConfigurationReference = 35FB7555F3D366EB81982455 /* Pods-To-Do List.debug.xcconfig */;
			buildSettings = {
				ASSETCATALOG_COMPILER_APPICON_NAME = AppIcon;
				ASSETCATALOG_COMPILER_GLOBAL_ACCENT_COLOR_NAME = AccentColor;
				CODE_SIGN_STYLE = Automatic;
				CURRENT_PROJECT_VERSION = 1;
				GENERATE_INFOPLIST_FILE = YES;
				INFOPLIST_FILE = "To-Do List/Info.plist";
				INFOPLIST_KEY_UIApplicationSupportsIndirectInputEvents = YES;
				INFOPLIST_KEY_UILaunchStoryboardName = LaunchScreen;
				INFOPLIST_KEY_UIMainStoryboardFile = Main;
				INFOPLIST_KEY_UISupportedInterfaceOrientations_iPad = "UIInterfaceOrientationPortrait UIInterfaceOrientationPortraitUpsideDown UIInterfaceOrientationLandscapeLeft UIInterfaceOrientationLandscapeRight";
				INFOPLIST_KEY_UISupportedInterfaceOrientations_iPhone = "UIInterfaceOrientationPortrait UIInterfaceOrientationLandscapeLeft UIInterfaceOrientationLandscapeRight";
				LD_RUNPATH_SEARCH_PATHS = (
					"$(inherited)",
					"@executable_path/Frameworks",
				);
				MARKETING_VERSION = 1.0;
				PRODUCT_BUNDLE_IDENTIFIER = "com.To-Do-List";
				PRODUCT_NAME = "$(TARGET_NAME)";
				SWIFT_EMIT_LOC_STRINGS = YES;
				SWIFT_VERSION = 5.0;
				TARGETED_DEVICE_FAMILY = "1,2";
			};
			name = Debug;
		};
		5E6E5E282A23E4980065DE83 /* Release */ = {
			isa = XCBuildConfiguration;
			baseConfigurationReference = 1DDB4E6A42A98DF75216C469 /* Pods-To-Do List.release.xcconfig */;
			buildSettings = {
				ASSETCATALOG_COMPILER_APPICON_NAME = AppIcon;
				ASSETCATALOG_COMPILER_GLOBAL_ACCENT_COLOR_NAME = AccentColor;
				CODE_SIGN_STYLE = Automatic;
				CURRENT_PROJECT_VERSION = 1;
				GENERATE_INFOPLIST_FILE = YES;
				INFOPLIST_FILE = "To-Do List/Info.plist";
				INFOPLIST_KEY_UIApplicationSupportsIndirectInputEvents = YES;
				INFOPLIST_KEY_UILaunchStoryboardName = LaunchScreen;
				INFOPLIST_KEY_UIMainStoryboardFile = Main;
				INFOPLIST_KEY_UISupportedInterfaceOrientations_iPad = "UIInterfaceOrientationPortrait UIInterfaceOrientationPortraitUpsideDown UIInterfaceOrientationLandscapeLeft UIInterfaceOrientationLandscapeRight";
				INFOPLIST_KEY_UISupportedInterfaceOrientations_iPhone = "UIInterfaceOrientationPortrait UIInterfaceOrientationLandscapeLeft UIInterfaceOrientationLandscapeRight";
				LD_RUNPATH_SEARCH_PATHS = (
					"$(inherited)",
					"@executable_path/Frameworks",
				);
				MARKETING_VERSION = 1.0;
				PRODUCT_BUNDLE_IDENTIFIER = "com.To-Do-List";
				PRODUCT_NAME = "$(TARGET_NAME)";
				SWIFT_EMIT_LOC_STRINGS = YES;
				SWIFT_VERSION = 5.0;
				TARGETED_DEVICE_FAMILY = "1,2";
			};
			name = Release;
		};
/* End XCBuildConfiguration section */

/* Begin XCConfigurationList section */
		5E6E5E0D2A23E4930065DE83 /* Build configuration list for PBXProject "To-Do List" */ = {
			isa = XCConfigurationList;
			buildConfigurations = (
				5E6E5E242A23E4980065DE83 /* Debug */,
				5E6E5E252A23E4980065DE83 /* Release */,
			);
			defaultConfigurationIsVisible = 0;
			defaultConfigurationName = Release;
		};
		5E6E5E262A23E4980065DE83 /* Build configuration list for PBXNativeTarget "To-Do List" */ = {
			isa = XCConfigurationList;
			buildConfigurations = (
				5E6E5E272A23E4980065DE83 /* Debug */,
				5E6E5E282A23E4980065DE83 /* Release */,
			);
			defaultConfigurationIsVisible = 0;
			defaultConfigurationName = Release;
		};
/* End XCConfigurationList section */
	};
	rootObject = 5E6E5E0A2A23E4930065DE83 /* Project object */;
}
